
Microsoft Visual Studio Solution File, Format Version 12.00
# Visual Studio Version 16
VisualStudioVersion = 16.0.31605.320
MinimumVisualStudioVersion = 10.0.40219.1
Project("{FAE04EC0-301F-11D3-BF4B-00C04F79EFBC}") = "JwtAuthDemo", "JwtAuthDemo.csproj", "{2490658D-D6FB-463D-90F6-41650913FD19}"
EndProject
Global
	GlobalSection(SolutionConfigurationPlatforms) = preSolution
		Debug|Any CPU = Debug|Any CPU
		Release|Any CPU = Release|Any CPU
	EndGlobalSection
	GlobalSection(ProjectConfigurationPlatforms) = postSolution
		{2490658D-D6FB-463D-90F6-41650913FD19}.Debug|Any CPU.ActiveCfg = Debug|Any CPU
		{2490658D-D6FB-463D-90F6-41650913FD19}.Debug|Any CPU.Build.0 = Debug|Any CPU
		{2490658D-D6FB-463D-90F6-41650913FD19}.Release|Any CPU.ActiveCfg = Release|Any CPU
		{2490658D-D6FB-463D-90F6-41650913FD19}.Release|Any CPU.Build.0 = Release|Any CPU
	EndGlobalSection
	GlobalSection(SolutionProperties) = preSolution
		HideSolutionNode = FALSE
	EndGlobalSection
	GlobalSection(ExtensibilityGlobals) = postSolution
		SolutionGuid = {C1E55D08-30EC-4558-BD41-FBA89551CDDA}
	EndGlobalSection
EndGlobal
