
Microsoft Visual Studio Solution File, Format Version 12.00
# Visual Studio Version 16
VisualStudioVersion = 16.0.31205.134
MinimumVisualStudioVersion = 10.0.40219.1
Project("{FAE04EC0-301F-11D3-BF4B-00C04F79EFBC}") = "EmailDemo", "EmailDemo.csproj", "{FB500AA3-64A1-42D1-8D10-E9811971A48A}"
EndProject
Global
	GlobalSection(SolutionConfigurationPlatforms) = preSolution
		Debug|Any CPU = Debug|Any CPU
		Release|Any CPU = Release|Any CPU
	EndGlobalSection
	GlobalSection(ProjectConfigurationPlatforms) = postSolution
		{FB500AA3-64A1-42D1-8D10-E9811971A48A}.Debug|Any CPU.ActiveCfg = Debug|Any CPU
		{FB500AA3-64A1-42D1-8D10-E9811971A48A}.Debug|Any CPU.Build.0 = Debug|Any CPU
		{FB500AA3-64A1-42D1-8D10-E9811971A48A}.Release|Any CPU.ActiveCfg = Release|Any CPU
		{FB500AA3-64A1-42D1-8D10-E9811971A48A}.Release|Any CPU.Build.0 = Release|Any CPU
	EndGlobalSection
	GlobalSection(SolutionProperties) = preSolution
		HideSolutionNode = FALSE
	EndGlobalSection
	GlobalSection(ExtensibilityGlobals) = postSolution
		SolutionGuid = {9DF013FE-F588-40C5-8A8F-07DE9BB658F3}
	EndGlobalSection
EndGlobal
