
Microsoft Visual Studio Solution File, Format Version 12.00
# Visual Studio Version 17
VisualStudioVersion = 17.0.31612.314
MinimumVisualStudioVersion = 10.0.40219.1
Project("{2150E333-8FDC-42A3-9474-1A3956D46DE8}") = "Host", "Host", "{164DF9B7-E2C3-423F-A70A-86AF669B0178}"
EndProject
Project("{FAE04EC0-301F-11D3-BF4B-00C04F79EFBC}") = "API", "API\API.csproj", "{E6ABDA37-5A37-4DD4-86FC-D06AC6C3C5D3}"
EndProject
Project("{2150E333-8FDC-42A3-9474-1A3956D46DE8}") = "Modules", "Modules", "{CA95A8B6-D30B-42A4-A7E3-A1E05F6AAC9A}"
EndProject
Project("{2150E333-8FDC-42A3-9474-1A3956D46DE8}") = "Shared", "Shared", "{2B3DDFAF-66FD-47B5-A1F6-E44967108E7E}"
EndProject
Project("{2150E333-8FDC-42A3-9474-1A3956D46DE8}") = "Catalog", "Catalog", "{509FDD7E-24EE-43C7-B443-3AF63FCB1625}"
EndProject
Project("{2150E333-8FDC-42A3-9474-1A3956D46DE8}") = "Person", "Person", "{3FD69D05-38CE-4B35-9497-10D0D4C8B13D}"
EndProject
Project("{FAE04EC0-301F-11D3-BF4B-00C04F79EFBC}") = "Module.Catalog", "Module.Catalog\Module.Catalog.csproj", "{7625C637-A17D-429B-8D37-6E97131C5A1F}"
EndProject
Project("{FAE04EC0-301F-11D3-BF4B-00C04F79EFBC}") = "Module.Catalog.Core", "Module.Catalog.Core\Module.Catalog.Core.csproj", "{4AC4A65A-1513-4CF5-9ED5-393ECBE87B71}"
EndProject
Project("{FAE04EC0-301F-11D3-BF4B-00C04F79EFBC}") = "Module.Catalog.Infrastructure", "Module.Catalog.Infrastructure\Module.Catalog.Infrastructure.csproj", "{044A1C7D-E373-4006-A2C7-988DA6FDBF84}"
EndProject
Project("{FAE04EC0-301F-11D3-BF4B-00C04F79EFBC}") = "Module.People.Core", "Module.People.Core\Module.People.Core.csproj", "{B56F3C4D-2DA5-4AA6-AFD7-BF5A2517EC1B}"
EndProject
Project("{FAE04EC0-301F-11D3-BF4B-00C04F79EFBC}") = "Module.People", "Module.People\Module.People.csproj", "{ACFADC92-043C-49F6-B9B2-1E3223226469}"
EndProject
Project("{FAE04EC0-301F-11D3-BF4B-00C04F79EFBC}") = "Module.People.Infrastructure", "Module.People.Infrastructure\Module.People.Infrastructure.csproj", "{309E7597-7628-463E-89D8-94116D0679A5}"
EndProject
Project("{FAE04EC0-301F-11D3-BF4B-00C04F79EFBC}") = "Shared.Core", "Shared.Core\Shared.Core.csproj", "{917DF944-45C7-434B-B60D-14CD4DE06D66}"
EndProject
Project("{FAE04EC0-301F-11D3-BF4B-00C04F79EFBC}") = "Shared.Infrastructure", "Shared.Infrastructure\Shared.Infrastructure.csproj", "{940F2EE9-106E-4853-BD65-73A1BA8F6D78}"
EndProject
Project("{FAE04EC0-301F-11D3-BF4B-00C04F79EFBC}") = "Shared.Models", "Shared.Models\Shared.Models.csproj", "{FAD1C5AC-BAB3-4C81-8D19-08692B909659}"
EndProject
Global
	GlobalSection(SolutionConfigurationPlatforms) = preSolution
		Debug|Any CPU = Debug|Any CPU
		Release|Any CPU = Release|Any CPU
	EndGlobalSection
	GlobalSection(ProjectConfigurationPlatforms) = postSolution
		{E6ABDA37-5A37-4DD4-86FC-D06AC6C3C5D3}.Debug|Any CPU.ActiveCfg = Debug|Any CPU
		{E6ABDA37-5A37-4DD4-86FC-D06AC6C3C5D3}.Debug|Any CPU.Build.0 = Debug|Any CPU
		{E6ABDA37-5A37-4DD4-86FC-D06AC6C3C5D3}.Release|Any CPU.ActiveCfg = Release|Any CPU
		{E6ABDA37-5A37-4DD4-86FC-D06AC6C3C5D3}.Release|Any CPU.Build.0 = Release|Any CPU
		{7625C637-A17D-429B-8D37-6E97131C5A1F}.Debug|Any CPU.ActiveCfg = Debug|Any CPU
		{7625C637-A17D-429B-8D37-6E97131C5A1F}.Debug|Any CPU.Build.0 = Debug|Any CPU
		{7625C637-A17D-429B-8D37-6E97131C5A1F}.Release|Any CPU.ActiveCfg = Release|Any CPU
		{7625C637-A17D-429B-8D37-6E97131C5A1F}.Release|Any CPU.Build.0 = Release|Any CPU
		{4AC4A65A-1513-4CF5-9ED5-393ECBE87B71}.Debug|Any CPU.ActiveCfg = Debug|Any CPU
		{4AC4A65A-1513-4CF5-9ED5-393ECBE87B71}.Debug|Any CPU.Build.0 = Debug|Any CPU
		{4AC4A65A-1513-4CF5-9ED5-393ECBE87B71}.Release|Any CPU.ActiveCfg = Release|Any CPU
		{4AC4A65A-1513-4CF5-9ED5-393ECBE87B71}.Release|Any CPU.Build.0 = Release|Any CPU
		{044A1C7D-E373-4006-A2C7-988DA6FDBF84}.Debug|Any CPU.ActiveCfg = Debug|Any CPU
		{044A1C7D-E373-4006-A2C7-988DA6FDBF84}.Debug|Any CPU.Build.0 = Debug|Any CPU
		{044A1C7D-E373-4006-A2C7-988DA6FDBF84}.Release|Any CPU.ActiveCfg = Release|Any CPU
		{044A1C7D-E373-4006-A2C7-988DA6FDBF84}.Release|Any CPU.Build.0 = Release|Any CPU
		{B56F3C4D-2DA5-4AA6-AFD7-BF5A2517EC1B}.Debug|Any CPU.ActiveCfg = Debug|Any CPU
		{B56F3C4D-2DA5-4AA6-AFD7-BF5A2517EC1B}.Debug|Any CPU.Build.0 = Debug|Any CPU
		{B56F3C4D-2DA5-4AA6-AFD7-BF5A2517EC1B}.Release|Any CPU.ActiveCfg = Release|Any CPU
		{B56F3C4D-2DA5-4AA6-AFD7-BF5A2517EC1B}.Release|Any CPU.Build.0 = Release|Any CPU
		{ACFADC92-043C-49F6-B9B2-1E3223226469}.Debug|Any CPU.ActiveCfg = Debug|Any CPU
		{ACFADC92-043C-49F6-B9B2-1E3223226469}.Debug|Any CPU.Build.0 = Debug|Any CPU
		{ACFADC92-043C-49F6-B9B2-1E3223226469}.Release|Any CPU.ActiveCfg = Release|Any CPU
		{ACFADC92-043C-49F6-B9B2-1E3223226469}.Release|Any CPU.Build.0 = Release|Any CPU
		{309E7597-7628-463E-89D8-94116D0679A5}.Debug|Any CPU.ActiveCfg = Debug|Any CPU
		{309E7597-7628-463E-89D8-94116D0679A5}.Debug|Any CPU.Build.0 = Debug|Any CPU
		{309E7597-7628-463E-89D8-94116D0679A5}.Release|Any CPU.ActiveCfg = Release|Any CPU
		{309E7597-7628-463E-89D8-94116D0679A5}.Release|Any CPU.Build.0 = Release|Any CPU
		{917DF944-45C7-434B-B60D-14CD4DE06D66}.Debug|Any CPU.ActiveCfg = Debug|Any CPU
		{917DF944-45C7-434B-B60D-14CD4DE06D66}.Debug|Any CPU.Build.0 = Debug|Any CPU
		{917DF944-45C7-434B-B60D-14CD4DE06D66}.Release|Any CPU.ActiveCfg = Release|Any CPU
		{917DF944-45C7-434B-B60D-14CD4DE06D66}.Release|Any CPU.Build.0 = Release|Any CPU
		{940F2EE9-106E-4853-BD65-73A1BA8F6D78}.Debug|Any CPU.ActiveCfg = Debug|Any CPU
		{940F2EE9-106E-4853-BD65-73A1BA8F6D78}.Debug|Any CPU.Build.0 = Debug|Any CPU
		{940F2EE9-106E-4853-BD65-73A1BA8F6D78}.Release|Any CPU.ActiveCfg = Release|Any CPU
		{940F2EE9-106E-4853-BD65-73A1BA8F6D78}.Release|Any CPU.Build.0 = Release|Any CPU
		{FAD1C5AC-BAB3-4C81-8D19-08692B909659}.Debug|Any CPU.ActiveCfg = Debug|Any CPU
		{FAD1C5AC-BAB3-4C81-8D19-08692B909659}.Debug|Any CPU.Build.0 = Debug|Any CPU
		{FAD1C5AC-BAB3-4C81-8D19-08692B909659}.Release|Any CPU.ActiveCfg = Release|Any CPU
		{FAD1C5AC-BAB3-4C81-8D19-08692B909659}.Release|Any CPU.Build.0 = Release|Any CPU
	EndGlobalSection
	GlobalSection(SolutionProperties) = preSolution
		HideSolutionNode = FALSE
	EndGlobalSection
	GlobalSection(NestedProjects) = preSolution
		{E6ABDA37-5A37-4DD4-86FC-D06AC6C3C5D3} = {164DF9B7-E2C3-423F-A70A-86AF669B0178}
		{509FDD7E-24EE-43C7-B443-3AF63FCB1625} = {CA95A8B6-D30B-42A4-A7E3-A1E05F6AAC9A}
		{3FD69D05-38CE-4B35-9497-10D0D4C8B13D} = {CA95A8B6-D30B-42A4-A7E3-A1E05F6AAC9A}
		{7625C637-A17D-429B-8D37-6E97131C5A1F} = {509FDD7E-24EE-43C7-B443-3AF63FCB1625}
		{4AC4A65A-1513-4CF5-9ED5-393ECBE87B71} = {509FDD7E-24EE-43C7-B443-3AF63FCB1625}
		{044A1C7D-E373-4006-A2C7-988DA6FDBF84} = {509FDD7E-24EE-43C7-B443-3AF63FCB1625}
		{B56F3C4D-2DA5-4AA6-AFD7-BF5A2517EC1B} = {3FD69D05-38CE-4B35-9497-10D0D4C8B13D}
		{ACFADC92-043C-49F6-B9B2-1E3223226469} = {3FD69D05-38CE-4B35-9497-10D0D4C8B13D}
		{309E7597-7628-463E-89D8-94116D0679A5} = {3FD69D05-38CE-4B35-9497-10D0D4C8B13D}
		{917DF944-45C7-434B-B60D-14CD4DE06D66} = {2B3DDFAF-66FD-47B5-A1F6-E44967108E7E}
		{940F2EE9-106E-4853-BD65-73A1BA8F6D78} = {2B3DDFAF-66FD-47B5-A1F6-E44967108E7E}
		{FAD1C5AC-BAB3-4C81-8D19-08692B909659} = {2B3DDFAF-66FD-47B5-A1F6-E44967108E7E}
	EndGlobalSection
	GlobalSection(ExtensibilityGlobals) = postSolution
		SolutionGuid = {DD20BF57-F99B-4A48-B8B8-E601F8F9EF71}
	EndGlobalSection
EndGlobal
