
Microsoft Visual Studio Solution File, Format Version 12.00
# Visual Studio Version 16
VisualStudioVersion = 16.0.31729.503
MinimumVisualStudioVersion = 10.0.40219.1
Project("{FAE04EC0-301F-11D3-BF4B-00C04F79EFBC}") = "RedisClientDemo", "RedisClientDemo.csproj", "{474B2E0F-3F06-4781-A1C5-388F007C58F9}"
EndProject
Global
	GlobalSection(SolutionConfigurationPlatforms) = preSolution
		Debug|Any CPU = Debug|Any CPU
		Release|Any CPU = Release|Any CPU
	EndGlobalSection
	GlobalSection(ProjectConfigurationPlatforms) = postSolution
		{474B2E0F-3F06-4781-A1C5-388F007C58F9}.Debug|Any CPU.ActiveCfg = Debug|Any CPU
		{474B2E0F-3F06-4781-A1C5-388F007C58F9}.Debug|Any CPU.Build.0 = Debug|Any CPU
		{474B2E0F-3F06-4781-A1C5-388F007C58F9}.Release|Any CPU.ActiveCfg = Release|Any CPU
		{474B2E0F-3F06-4781-A1C5-388F007C58F9}.Release|Any CPU.Build.0 = Release|Any CPU
	EndGlobalSection
	GlobalSection(SolutionProperties) = preSolution
		HideSolutionNode = FALSE
	EndGlobalSection
	GlobalSection(ExtensibilityGlobals) = postSolution
		SolutionGuid = {45F5B412-E89F-4991-A442-17BDA2D1B73A}
	EndGlobalSection
EndGlobal
