
Microsoft Visual Studio Solution File, Format Version 12.00
# Visual Studio Version 16
VisualStudioVersion = 16.0.31729.503
MinimumVisualStudioVersion = 10.0.40219.1
Project("{FAE04EC0-301F-11D3-BF4B-00C04F79EFBC}") = "MongoDbRepository", "MongoDbRepository.csproj", "{0146C721-6A9B-4F2B-8120-D3E6A598F5A5}"
EndProject
Project("{FAE04EC0-301F-11D3-BF4B-00C04F79EFBC}") = "DocumentsExampleLib", "..\DocumentsExampleLib\DocumentsExampleLib.csproj", "{48C6FD87-2B95-4413-AB25-E20DDDC88D61}"
EndProject
Project("{FAE04EC0-301F-11D3-BF4B-00C04F79EFBC}") = "WebApiMongoRepoUsageExample", "..\WebApiMongoRepoUsageExample\WebApiMongoRepoUsageExample.csproj", "{F4672FE4-A109-4E90-9769-5D9AD4098037}"
EndProject
Global
	GlobalSection(SolutionConfigurationPlatforms) = preSolution
		Debug|Any CPU = Debug|Any CPU
		Release|Any CPU = Release|Any CPU
	EndGlobalSection
	GlobalSection(ProjectConfigurationPlatforms) = postSolution
		{0146C721-6A9B-4F2B-8120-D3E6A598F5A5}.Debug|Any CPU.ActiveCfg = Debug|Any CPU
		{0146C721-6A9B-4F2B-8120-D3E6A598F5A5}.Debug|Any CPU.Build.0 = Debug|Any CPU
		{0146C721-6A9B-4F2B-8120-D3E6A598F5A5}.Release|Any CPU.ActiveCfg = Release|Any CPU
		{0146C721-6A9B-4F2B-8120-D3E6A598F5A5}.Release|Any CPU.Build.0 = Release|Any CPU
		{48C6FD87-2B95-4413-AB25-E20DDDC88D61}.Debug|Any CPU.ActiveCfg = Debug|Any CPU
		{48C6FD87-2B95-4413-AB25-E20DDDC88D61}.Debug|Any CPU.Build.0 = Debug|Any CPU
		{48C6FD87-2B95-4413-AB25-E20DDDC88D61}.Release|Any CPU.ActiveCfg = Release|Any CPU
		{48C6FD87-2B95-4413-AB25-E20DDDC88D61}.Release|Any CPU.Build.0 = Release|Any CPU
		{F4672FE4-A109-4E90-9769-5D9AD4098037}.Debug|Any CPU.ActiveCfg = Debug|Any CPU
		{F4672FE4-A109-4E90-9769-5D9AD4098037}.Debug|Any CPU.Build.0 = Debug|Any CPU
		{F4672FE4-A109-4E90-9769-5D9AD4098037}.Release|Any CPU.ActiveCfg = Release|Any CPU
		{F4672FE4-A109-4E90-9769-5D9AD4098037}.Release|Any CPU.Build.0 = Release|Any CPU
	EndGlobalSection
	GlobalSection(SolutionProperties) = preSolution
		HideSolutionNode = FALSE
	EndGlobalSection
	GlobalSection(ExtensibilityGlobals) = postSolution
		SolutionGuid = {4C73FBB6-27C8-4F69-A8A6-A4611D39DEBE}
	EndGlobalSection
EndGlobal
