
Microsoft Visual Studio Solution File, Format Version 12.00
# Visual Studio Version 16
VisualStudioVersion = 16.0.31729.503
MinimumVisualStudioVersion = 10.0.40219.1
Project("{FAE04EC0-301F-11D3-BF4B-00C04F79EFBC}") = "AspNetCoreRedisDemo", "AspNetCoreRedisDemo.csproj", "{39827241-295E-4C5F-BBA3-395CA005FFAB}"
EndProject
Global
	GlobalSection(SolutionConfigurationPlatforms) = preSolution
		Debug|Any CPU = Debug|Any CPU
		Release|Any CPU = Release|Any CPU
	EndGlobalSection
	GlobalSection(ProjectConfigurationPlatforms) = postSolution
		{39827241-295E-4C5F-BBA3-395CA005FFAB}.Debug|Any CPU.ActiveCfg = Debug|Any CPU
		{39827241-295E-4C5F-BBA3-395CA005FFAB}.Debug|Any CPU.Build.0 = Debug|Any CPU
		{39827241-295E-4C5F-BBA3-395CA005FFAB}.Release|Any CPU.ActiveCfg = Release|Any CPU
		{39827241-295E-4C5F-BBA3-395CA005FFAB}.Release|Any CPU.Build.0 = Release|Any CPU
	EndGlobalSection
	GlobalSection(SolutionProperties) = preSolution
		HideSolutionNode = FALSE
	EndGlobalSection
	GlobalSection(ExtensibilityGlobals) = postSolution
		SolutionGuid = {6D149D1A-398A-4058-BB45-32B72177B6DD}
	EndGlobalSection
EndGlobal
