
Microsoft Visual Studio Solution File, Format Version 12.00
Project("{FAE04EC0-301F-11D3-BF4B-00C04F79EFBC}") = "JWTAuthenticationDemo", "JWTAuthenticationDemo\JWTAuthenticationDemo.csproj", "{E04F9368-905F-411F-9C7C-72A4984D1F4A}"
EndProject
Global
	GlobalSection(SolutionConfigurationPlatforms) = preSolution
		Debug|Any CPU = Debug|Any CPU
		Release|Any CPU = Release|Any CPU
	EndGlobalSection
	GlobalSection(ProjectConfigurationPlatforms) = postSolution
		{E04F9368-905F-411F-9C7C-72A4984D1F4A}.Debug|Any CPU.ActiveCfg = Debug|Any CPU
		{E04F9368-905F-411F-9C7C-72A4984D1F4A}.Debug|Any CPU.Build.0 = Debug|Any CPU
		{E04F9368-905F-411F-9C7C-72A4984D1F4A}.Release|Any CPU.ActiveCfg = Release|Any CPU
		{E04F9368-905F-411F-9C7C-72A4984D1F4A}.Release|Any CPU.Build.0 = Release|Any CPU
	EndGlobalSection
EndGlobal
