
Microsoft Visual Studio Solution File, Format Version 12.00
Project("{FAE04EC0-301F-11D3-BF4B-00C04F79EFBC}") = "RefKeywordDemo", "RefKeywordDemo\RefKeywordDemo.csproj", "{45E17215-7C75-444C-8448-B3F537DE8631}"
EndProject
Global
	GlobalSection(SolutionConfigurationPlatforms) = preSolution
		Debug|Any CPU = Debug|Any CPU
		Release|Any CPU = Release|Any CPU
	EndGlobalSection
	GlobalSection(ProjectConfigurationPlatforms) = postSolution
		{45E17215-7C75-444C-8448-B3F537DE8631}.Debug|Any CPU.ActiveCfg = Debug|Any CPU
		{45E17215-7C75-444C-8448-B3F537DE8631}.Debug|Any CPU.Build.0 = Debug|Any CPU
		{45E17215-7C75-444C-8448-B3F537DE8631}.Release|Any CPU.ActiveCfg = Release|Any CPU
		{45E17215-7C75-444C-8448-B3F537DE8631}.Release|Any CPU.Build.0 = Release|Any CPU
	EndGlobalSection
EndGlobal
