
Microsoft Visual Studio Solution File, Format Version 12.00
# Visual Studio Version 17
VisualStudioVersion = 17.5.33103.201
MinimumVisualStudioVersion = 10.0.40219.1
Project("{FAE04EC0-301F-11D3-BF4B-00C04F79EFBC}") = "EventsAreObsolete.ConsoleApp", "EventsAreObsolete.ConsoleApp\EventsAreObsolete.ConsoleApp.csproj", "{6E3A3896-1F71-4B8E-A34E-8B6ECD0D438D}"
EndProject
Project("{FAE04EC0-301F-11D3-BF4B-00C04F79EFBC}") = "EventsAreObsolete.Api", "EventsAreObsolete.Api\EventsAreObsolete.Api.csproj", "{B92A948F-17BE-4873-9CB7-96EA99112E30}"
EndProject
Project("{FAE04EC0-301F-11D3-BF4B-00C04F79EFBC}") = "EventsAreObsolete.Api.ButBetter", "EventsAreObsolete.Api.ButBetter\EventsAreObsolete.Api.ButBetter.csproj", "{C2017185-5CD8-4799-8234-F6637F353EB8}"
EndProject
Global
	GlobalSection(SolutionConfigurationPlatforms) = preSolution
		Debug|Any CPU = Debug|Any CPU
		Release|Any CPU = Release|Any CPU
	EndGlobalSection
	GlobalSection(ProjectConfigurationPlatforms) = postSolution
		{6E3A3896-1F71-4B8E-A34E-8B6ECD0D438D}.Debug|Any CPU.ActiveCfg = Debug|Any CPU
		{6E3A3896-1F71-4B8E-A34E-8B6ECD0D438D}.Debug|Any CPU.Build.0 = Debug|Any CPU
		{6E3A3896-1F71-4B8E-A34E-8B6ECD0D438D}.Release|Any CPU.ActiveCfg = Release|Any CPU
		{6E3A3896-1F71-4B8E-A34E-8B6ECD0D438D}.Release|Any CPU.Build.0 = Release|Any CPU
		{B92A948F-17BE-4873-9CB7-96EA99112E30}.Debug|Any CPU.ActiveCfg = Debug|Any CPU
		{B92A948F-17BE-4873-9CB7-96EA99112E30}.Debug|Any CPU.Build.0 = Debug|Any CPU
		{B92A948F-17BE-4873-9CB7-96EA99112E30}.Release|Any CPU.ActiveCfg = Release|Any CPU
		{B92A948F-17BE-4873-9CB7-96EA99112E30}.Release|Any CPU.Build.0 = Release|Any CPU
		{C2017185-5CD8-4799-8234-F6637F353EB8}.Debug|Any CPU.ActiveCfg = Debug|Any CPU
		{C2017185-5CD8-4799-8234-F6637F353EB8}.Debug|Any CPU.Build.0 = Debug|Any CPU
		{C2017185-5CD8-4799-8234-F6637F353EB8}.Release|Any CPU.ActiveCfg = Release|Any CPU
		{C2017185-5CD8-4799-8234-F6637F353EB8}.Release|Any CPU.Build.0 = Release|Any CPU
	EndGlobalSection
	GlobalSection(SolutionProperties) = preSolution
		HideSolutionNode = FALSE
	EndGlobalSection
	GlobalSection(ExtensibilityGlobals) = postSolution
		SolutionGuid = {CC669965-777D-46FE-AE38-F0FA9AA402FA}
	EndGlobalSection
EndGlobal
