
Microsoft Visual Studio Solution File, Format Version 12.00
# Visual Studio Version 16
VisualStudioVersion = 16.0.31129.286
MinimumVisualStudioVersion = 10.0.40219.1
Project("{FAE04EC0-301F-11D3-BF4B-00C04F79EFBC}") = "HangfireDemo", "HangfireDemo.csproj", "{5731DECD-D7A6-4458-932B-55DFB080A6FF}"
EndProject
Global
	GlobalSection(SolutionConfigurationPlatforms) = preSolution
		Debug|Any CPU = Debug|Any CPU
		Release|Any CPU = Release|Any CPU
	EndGlobalSection
	GlobalSection(ProjectConfigurationPlatforms) = postSolution
		{5731DECD-D7A6-4458-932B-55DFB080A6FF}.Debug|Any CPU.ActiveCfg = Debug|Any CPU
		{5731DECD-D7A6-4458-932B-55DFB080A6FF}.Debug|Any CPU.Build.0 = Debug|Any CPU
		{5731DECD-D7A6-4458-932B-55DFB080A6FF}.Release|Any CPU.ActiveCfg = Release|Any CPU
		{5731DECD-D7A6-4458-932B-55DFB080A6FF}.Release|Any CPU.Build.0 = Release|Any CPU
	EndGlobalSection
	GlobalSection(SolutionProperties) = preSolution
		HideSolutionNode = FALSE
	EndGlobalSection
	GlobalSection(ExtensibilityGlobals) = postSolution
		SolutionGuid = {8BBC4357-8455-4582-902F-AD309F6DAE3F}
	EndGlobalSection
EndGlobal
