
Microsoft Visual Studio Solution File, Format Version 12.00
# Visual Studio Version 17
VisualStudioVersion = 17.4.32804.182
MinimumVisualStudioVersion = 10.0.40219.1
Project("{2150E333-8FDC-42A3-9474-1A3956D46DE8}") = "Docs", "Docs", "{D99065EC-E04C-4A03-9C44-CBE417FD9F32}"
	ProjectSection(SolutionItems) = preProject
		Docs\Docker-commands.md = Docs\Docker-commands.md
		Docs\Redis.md = Docs\Redis.md
	EndProjectSection
EndProject
Project("{9A19103F-16F7-4668-BE54-9A1E7A4F7556}") = "RedisApi", "RedisApi\RedisApi.csproj", "{2E2BA63B-0B97-4876-B1FC-0DE6290DC5A1}"
EndProject
Global
	GlobalSection(SolutionConfigurationPlatforms) = preSolution
		Debug|Any CPU = Debug|Any CPU
		Release|Any CPU = Release|Any CPU
	EndGlobalSection
	GlobalSection(ProjectConfigurationPlatforms) = postSolution
		{2E2BA63B-0B97-4876-B1FC-0DE6290DC5A1}.Debug|Any CPU.ActiveCfg = Debug|Any CPU
		{2E2BA63B-0B97-4876-B1FC-0DE6290DC5A1}.Debug|Any CPU.Build.0 = Debug|Any CPU
		{2E2BA63B-0B97-4876-B1FC-0DE6290DC5A1}.Release|Any CPU.ActiveCfg = Release|Any CPU
		{2E2BA63B-0B97-4876-B1FC-0DE6290DC5A1}.Release|Any CPU.Build.0 = Release|Any CPU
	EndGlobalSection
	GlobalSection(SolutionProperties) = preSolution
		HideSolutionNode = FALSE
	EndGlobalSection
	GlobalSection(ExtensibilityGlobals) = postSolution
		SolutionGuid = {16CB6733-77E0-4039-8D85-E1D4C5E9496E}
	EndGlobalSection
EndGlobal
