
Microsoft Visual Studio Solution File, Format Version 12.00
# Visual Studio Version 17
VisualStudioVersion = 17.5.33209.295
MinimumVisualStudioVersion = 10.0.40219.1
Project("{FAE04EC0-301F-11D3-BF4B-00C04F79EFBC}") = "BoxingAndUnboxing", "BoxingAndUnboxing\BoxingAndUnboxing.csproj", "{6F48BA98-0E87-4543-A82B-5F4EAAF6B820}"
EndProject
Project("{FAE04EC0-301F-11D3-BF4B-00C04F79EFBC}") = "BoxingAndUnboxing.Benchmarks", "BoxingAndUnboxing.Benchmarks\BoxingAndUnboxing.Benchmarks.csproj", "{1A3DA669-9902-4B83-A3BD-BA81CC2F05F7}"
EndProject
Global
	GlobalSection(SolutionConfigurationPlatforms) = preSolution
		Debug|Any CPU = Debug|Any CPU
		Release|Any CPU = Release|Any CPU
	EndGlobalSection
	GlobalSection(ProjectConfigurationPlatforms) = postSolution
		{6F48BA98-0E87-4543-A82B-5F4EAAF6B820}.Debug|Any CPU.ActiveCfg = Debug|Any CPU
		{6F48BA98-0E87-4543-A82B-5F4EAAF6B820}.Debug|Any CPU.Build.0 = Debug|Any CPU
		{6F48BA98-0E87-4543-A82B-5F4EAAF6B820}.Release|Any CPU.ActiveCfg = Release|Any CPU
		{6F48BA98-0E87-4543-A82B-5F4EAAF6B820}.Release|Any CPU.Build.0 = Release|Any CPU
		{1A3DA669-9902-4B83-A3BD-BA81CC2F05F7}.Debug|Any CPU.ActiveCfg = Debug|Any CPU
		{1A3DA669-9902-4B83-A3BD-BA81CC2F05F7}.Debug|Any CPU.Build.0 = Debug|Any CPU
		{1A3DA669-9902-4B83-A3BD-BA81CC2F05F7}.Release|Any CPU.ActiveCfg = Release|Any CPU
		{1A3DA669-9902-4B83-A3BD-BA81CC2F05F7}.Release|Any CPU.Build.0 = Release|Any CPU
	EndGlobalSection
	GlobalSection(SolutionProperties) = preSolution
		HideSolutionNode = FALSE
	EndGlobalSection
	GlobalSection(ExtensibilityGlobals) = postSolution
		SolutionGuid = {DDD0185B-6CCA-463E-82EA-8AF8741B2361}
	EndGlobalSection
EndGlobal
