
Microsoft Visual Studio Solution File, Format Version 12.00
# Visual Studio Version 16
VisualStudioVersion = 16.0.31729.503
MinimumVisualStudioVersion = 10.0.40219.1
Project("{FAE04EC0-301F-11D3-BF4B-00C04F79EFBC}") = "FactoryPattern", "FactoryPattern.csproj", "{C27AC4D0-66C0-4818-B1C0-6AEA8196F641}"
EndProject
Global
	GlobalSection(SolutionConfigurationPlatforms) = preSolution
		Debug|Any CPU = Debug|Any CPU
		Release|Any CPU = Release|Any CPU
	EndGlobalSection
	GlobalSection(ProjectConfigurationPlatforms) = postSolution
		{C27AC4D0-66C0-4818-B1C0-6AEA8196F641}.Debug|Any CPU.ActiveCfg = Debug|Any CPU
		{C27AC4D0-66C0-4818-B1C0-6AEA8196F641}.Debug|Any CPU.Build.0 = Debug|Any CPU
		{C27AC4D0-66C0-4818-B1C0-6AEA8196F641}.Release|Any CPU.ActiveCfg = Release|Any CPU
		{C27AC4D0-66C0-4818-B1C0-6AEA8196F641}.Release|Any CPU.Build.0 = Release|Any CPU
	EndGlobalSection
	GlobalSection(SolutionProperties) = preSolution
		HideSolutionNode = FALSE
	EndGlobalSection
	GlobalSection(ExtensibilityGlobals) = postSolution
		SolutionGuid = {EC369553-27A8-4114-82F9-1B65DBA590E3}
	EndGlobalSection
EndGlobal
