
Microsoft Visual Studio Solution File, Format Version 12.00
# Visual Studio Version 16
VisualStudioVersion = 16.0.31515.178
MinimumVisualStudioVersion = 10.0.40219.1
Project("{9A19103F-16F7-4668-BE54-9A1E7A4F7556}") = "GrpcServer", "GrpcServer\GrpcServer.csproj", "{56D34E99-893E-430A-BB80-AE14D9B81239}"
EndProject
Project("{9A19103F-16F7-4668-BE54-9A1E7A4F7556}") = "GrpcClient", "GrpcClient\GrpcClient.csproj", "{294C0CF6-47AC-46DA-AF19-FC88E868C5BA}"
EndProject
Project("{9A19103F-16F7-4668-BE54-9A1E7A4F7556}") = "GrpcClient2", "GrpcClient2\GrpcClient2.csproj", "{03ED5D80-7C31-4C50-B800-1E721B661C6F}"
EndProject
Project("{FAE04EC0-301F-11D3-BF4B-00C04F79EFBC}") = "GrpcClientFactoryIntegrationDemo", "GrpcClientFactoryIntegrationDemo\GrpcClientFactoryIntegrationDemo.csproj", "{EB45ECE0-5139-45B8-B6C8-0BAA546FBC64}"
EndProject
Global
	GlobalSection(SolutionConfigurationPlatforms) = preSolution
		Debug|Any CPU = Debug|Any CPU
		Release|Any CPU = Release|Any CPU
	EndGlobalSection
	GlobalSection(ProjectConfigurationPlatforms) = postSolution
		{56D34E99-893E-430A-BB80-AE14D9B81239}.Debug|Any CPU.ActiveCfg = Debug|Any CPU
		{56D34E99-893E-430A-BB80-AE14D9B81239}.Debug|Any CPU.Build.0 = Debug|Any CPU
		{56D34E99-893E-430A-BB80-AE14D9B81239}.Release|Any CPU.ActiveCfg = Release|Any CPU
		{56D34E99-893E-430A-BB80-AE14D9B81239}.Release|Any CPU.Build.0 = Release|Any CPU
		{294C0CF6-47AC-46DA-AF19-FC88E868C5BA}.Debug|Any CPU.ActiveCfg = Debug|Any CPU
		{294C0CF6-47AC-46DA-AF19-FC88E868C5BA}.Debug|Any CPU.Build.0 = Debug|Any CPU
		{294C0CF6-47AC-46DA-AF19-FC88E868C5BA}.Release|Any CPU.ActiveCfg = Release|Any CPU
		{294C0CF6-47AC-46DA-AF19-FC88E868C5BA}.Release|Any CPU.Build.0 = Release|Any CPU
		{03ED5D80-7C31-4C50-B800-1E721B661C6F}.Debug|Any CPU.ActiveCfg = Debug|Any CPU
		{03ED5D80-7C31-4C50-B800-1E721B661C6F}.Debug|Any CPU.Build.0 = Debug|Any CPU
		{03ED5D80-7C31-4C50-B800-1E721B661C6F}.Release|Any CPU.ActiveCfg = Release|Any CPU
		{03ED5D80-7C31-4C50-B800-1E721B661C6F}.Release|Any CPU.Build.0 = Release|Any CPU
		{EB45ECE0-5139-45B8-B6C8-0BAA546FBC64}.Debug|Any CPU.ActiveCfg = Debug|Any CPU
		{EB45ECE0-5139-45B8-B6C8-0BAA546FBC64}.Debug|Any CPU.Build.0 = Debug|Any CPU
		{EB45ECE0-5139-45B8-B6C8-0BAA546FBC64}.Release|Any CPU.ActiveCfg = Release|Any CPU
		{EB45ECE0-5139-45B8-B6C8-0BAA546FBC64}.Release|Any CPU.Build.0 = Release|Any CPU
	EndGlobalSection
	GlobalSection(SolutionProperties) = preSolution
		HideSolutionNode = FALSE
	EndGlobalSection
	GlobalSection(ExtensibilityGlobals) = postSolution
		SolutionGuid = {33FE30AB-1688-4473-8756-EE5FC3D7300A}
	EndGlobalSection
EndGlobal
