
Microsoft Visual Studio Solution File, Format Version 12.00
# Visual Studio Version 17
VisualStudioVersion = 17.0.31710.8
MinimumVisualStudioVersion = 10.0.40219.1
Project("{FAE04EC0-301F-11D3-BF4B-00C04F79EFBC}") = "EmitLog", "EmitLog.csproj", "{C647C2E6-6285-480A-AE4B-97B27761C49E}"
EndProject
Global
	GlobalSection(SolutionConfigurationPlatforms) = preSolution
		Debug|Any CPU = Debug|Any CPU
		Release|Any CPU = Release|Any CPU
	EndGlobalSection
	GlobalSection(ProjectConfigurationPlatforms) = postSolution
		{C647C2E6-6285-480A-AE4B-97B27761C49E}.Debug|Any CPU.ActiveCfg = Debug|Any CPU
		{C647C2E6-6285-480A-AE4B-97B27761C49E}.Debug|Any CPU.Build.0 = Debug|Any CPU
		{C647C2E6-6285-480A-AE4B-97B27761C49E}.Release|Any CPU.ActiveCfg = Release|Any CPU
		{C647C2E6-6285-480A-AE4B-97B27761C49E}.Release|Any CPU.Build.0 = Release|Any CPU
	EndGlobalSection
	GlobalSection(SolutionProperties) = preSolution
		HideSolutionNode = FALSE
	EndGlobalSection
	GlobalSection(ExtensibilityGlobals) = postSolution
		SolutionGuid = {13069BBF-7B3B-4725-A112-1FE8928CBBCF}
	EndGlobalSection
EndGlobal
