
Microsoft Visual Studio Solution File, Format Version 12.00
# Visual Studio Version 17
VisualStudioVersion = 17.5.33103.201
MinimumVisualStudioVersion = 10.0.40219.1
Project("{FAE04EC0-301F-11D3-BF4B-00C04F79EFBC}") = "SOLID", "SOLID\SOLID.csproj", "{C4481168-AAC2-4F7C-AB6F-9AAA33BFC655}"
EndProject
Global
	GlobalSection(SolutionConfigurationPlatforms) = preSolution
		Debug|Any CPU = Debug|Any CPU
		Release|Any CPU = Release|Any CPU
	EndGlobalSection
	GlobalSection(ProjectConfigurationPlatforms) = postSolution
		{C4481168-AAC2-4F7C-AB6F-9AAA33BFC655}.Debug|Any CPU.ActiveCfg = Debug|Any CPU
		{C4481168-AAC2-4F7C-AB6F-9AAA33BFC655}.Debug|Any CPU.Build.0 = Debug|Any CPU
		{C4481168-AAC2-4F7C-AB6F-9AAA33BFC655}.Release|Any CPU.ActiveCfg = Release|Any CPU
		{C4481168-AAC2-4F7C-AB6F-9AAA33BFC655}.Release|Any CPU.Build.0 = Release|Any CPU
	EndGlobalSection
	GlobalSection(SolutionProperties) = preSolution
		HideSolutionNode = FALSE
	EndGlobalSection
	GlobalSection(ExtensibilityGlobals) = postSolution
		SolutionGuid = {925D9057-CF72-480F-B785-98BBEB8EBAAA}
	EndGlobalSection
EndGlobal
