
Microsoft Visual Studio Solution File, Format Version 12.00
# Visual Studio Version 17
VisualStudioVersion = 17.10.34607.79
MinimumVisualStudioVersion = 10.0.40219.1
Project("{FAE04EC0-301F-11D3-BF4B-00C04F79EFBC}") = "GrpcToRestDemo", "GrpcToRestDemo.csproj", "{36063559-F64D-449B-88BE-F34EBB8257A4}"
EndProject
Global
	GlobalSection(SolutionConfigurationPlatforms) = preSolution
		Debug|Any CPU = Debug|Any CPU
		Release|Any CPU = Release|Any CPU
	EndGlobalSection
	GlobalSection(ProjectConfigurationPlatforms) = postSolution
		{36063559-F64D-449B-88BE-F34EBB8257A4}.Debug|Any CPU.ActiveCfg = Debug|Any CPU
		{36063559-F64D-449B-88BE-F34EBB8257A4}.Debug|Any CPU.Build.0 = Debug|Any CPU
		{36063559-F64D-449B-88BE-F34EBB8257A4}.Release|Any CPU.ActiveCfg = Release|Any CPU
		{36063559-F64D-449B-88BE-F34EBB8257A4}.Release|Any CPU.Build.0 = Release|Any CPU
	EndGlobalSection
	GlobalSection(SolutionProperties) = preSolution
		HideSolutionNode = FALSE
	EndGlobalSection
	GlobalSection(ExtensibilityGlobals) = postSolution
		SolutionGuid = {C1B90118-F48A-4513-AD54-DFAEBB2016A1}
	EndGlobalSection
EndGlobal
