
Microsoft Visual Studio Solution File, Format Version 12.00
# Visual Studio Version 16
VisualStudioVersion = 16.0.31702.278
MinimumVisualStudioVersion = 10.0.40219.1
Project("{FAE04EC0-301F-11D3-BF4B-00C04F79EFBC}") = "CommandsService", "CommandsService.csproj", "{B2527C5F-F1FB-4C61-BF05-55136FE4FBE5}"
EndProject
Global
	GlobalSection(SolutionConfigurationPlatforms) = preSolution
		Debug|Any CPU = Debug|Any CPU
		Release|Any CPU = Release|Any CPU
	EndGlobalSection
	GlobalSection(ProjectConfigurationPlatforms) = postSolution
		{B2527C5F-F1FB-4C61-BF05-55136FE4FBE5}.Debug|Any CPU.ActiveCfg = Debug|Any CPU
		{B2527C5F-F1FB-4C61-BF05-55136FE4FBE5}.Debug|Any CPU.Build.0 = Debug|Any CPU
		{B2527C5F-F1FB-4C61-BF05-55136FE4FBE5}.Release|Any CPU.ActiveCfg = Release|Any CPU
		{B2527C5F-F1FB-4C61-BF05-55136FE4FBE5}.Release|Any CPU.Build.0 = Release|Any CPU
	EndGlobalSection
	GlobalSection(SolutionProperties) = preSolution
		HideSolutionNode = FALSE
	EndGlobalSection
	GlobalSection(ExtensibilityGlobals) = postSolution
		SolutionGuid = {84CBCC51-D543-4892-A955-4C53ADD968AC}
	EndGlobalSection
EndGlobal
