
Microsoft Visual Studio Solution File, Format Version 12.00
# Visual Studio Version 17
VisualStudioVersion = 17.0.31717.71
MinimumVisualStudioVersion = 10.0.40219.1
Project("{FAE04EC0-301F-11D3-BF4B-00C04F79EFBC}") = "UsageMediator", "UsageMediator\UsageMediator.csproj", "{52442F33-602F-4123-8117-8624C6B93B0C}"
EndProject
Global
	GlobalSection(SolutionConfigurationPlatforms) = preSolution
		Debug|Any CPU = Debug|Any CPU
		Release|Any CPU = Release|Any CPU
	EndGlobalSection
	GlobalSection(ProjectConfigurationPlatforms) = postSolution
		{52442F33-602F-4123-8117-8624C6B93B0C}.Debug|Any CPU.ActiveCfg = Debug|Any CPU
		{52442F33-602F-4123-8117-8624C6B93B0C}.Debug|Any CPU.Build.0 = Debug|Any CPU
		{52442F33-602F-4123-8117-8624C6B93B0C}.Release|Any CPU.ActiveCfg = Release|Any CPU
		{52442F33-602F-4123-8117-8624C6B93B0C}.Release|Any CPU.Build.0 = Release|Any CPU
	EndGlobalSection
	GlobalSection(SolutionProperties) = preSolution
		HideSolutionNode = FALSE
	EndGlobalSection
	GlobalSection(ExtensibilityGlobals) = postSolution
		SolutionGuid = {A41DFB22-4CB6-4A83-A2F5-0E208C607268}
	EndGlobalSection
EndGlobal
