
Microsoft Visual Studio Solution File, Format Version 12.00
# Visual Studio Version 17
VisualStudioVersion = 17.4.32916.344
MinimumVisualStudioVersion = 10.0.40219.1
Project("{2150E333-8FDC-42A3-9474-1A3956D46DE8}") = "Creational", "Creational", "{C120BBAA-3FA1-4715-B2D6-515677DC1779}"
EndProject
Project("{2150E333-8FDC-42A3-9474-1A3956D46DE8}") = "FactoryMethod", "FactoryMethod", "{B51E1BA7-9E6C-4D96-BD63-0724BEEB0376}"
EndProject
Project("{9A19103F-16F7-4668-BE54-9A1E7A4F7556}") = "FactoryMethod", "Creational\FactoryMethod\FactoryMethod\FactoryMethod.csproj", "{606B9EE6-926D-46DA-9065-D43902AE6604}"
EndProject
Project("{2150E333-8FDC-42A3-9474-1A3956D46DE8}") = "AbstractFactory", "AbstractFactory", "{DE1A4D66-04E7-4BC7-9E15-6CA6C9ED4EC6}"
EndProject
Project("{9A19103F-16F7-4668-BE54-9A1E7A4F7556}") = "AbstractFactory", "Creational\AbstractFactory\AbstractFactory.csproj", "{92408984-91B3-435C-B886-83F5CED2B41A}"
EndProject
Project("{2150E333-8FDC-42A3-9474-1A3956D46DE8}") = "Builder", "Builder", "{464A0A39-1E10-4F51-A24A-87196A218323}"
EndProject
Project("{9A19103F-16F7-4668-BE54-9A1E7A4F7556}") = "Builder", "Creational\Builder\Builder\Builder.csproj", "{01BD6034-91A2-44F2-84F0-0540D9F9979D}"
EndProject
Project("{2150E333-8FDC-42A3-9474-1A3956D46DE8}") = "Prototype", "Prototype", "{90C5A34D-5353-4D35-A2CD-F6219FDF7AE5}"
EndProject
Project("{9A19103F-16F7-4668-BE54-9A1E7A4F7556}") = "Prototype", "Creational\Prototype\Prototype\Prototype.csproj", "{55963260-9EB8-4A4F-B374-0A24E3CDFE92}"
EndProject
Project("{2150E333-8FDC-42A3-9474-1A3956D46DE8}") = "Singleton", "Singleton", "{259A2ED2-D906-4532-984A-3C6947EBA910}"
EndProject
Project("{9A19103F-16F7-4668-BE54-9A1E7A4F7556}") = "Singleton", "Creational\Singleton\Singleton\Singleton.csproj", "{F19C82D9-2927-4449-95BC-0D65AB9CDF76}"
EndProject
Project("{2150E333-8FDC-42A3-9474-1A3956D46DE8}") = "Structural", "Structural", "{825390BF-76A4-42AD-985E-D4AFA83994CE}"
EndProject
Project("{2150E333-8FDC-42A3-9474-1A3956D46DE8}") = "Adapter", "Adapter", "{ED557F88-61C7-4EC4-8477-44262181D445}"
EndProject
Project("{9A19103F-16F7-4668-BE54-9A1E7A4F7556}") = "Adapter", "Structural\Adapter\Adapter\Adapter.csproj", "{A57943DB-CB12-45C8-B247-D348548DE2BB}"
EndProject
Project("{2150E333-8FDC-42A3-9474-1A3956D46DE8}") = "Bridge", "Bridge", "{D6B15576-A780-4BD0-B6D9-BA289341BF74}"
EndProject
Project("{9A19103F-16F7-4668-BE54-9A1E7A4F7556}") = "Bridge", "Structural\Bridge\Bridge\Bridge.csproj", "{57AC39BE-9DE7-4489-8D36-660421EE44E5}"
EndProject
Project("{2150E333-8FDC-42A3-9474-1A3956D46DE8}") = "Composite", "Composite", "{F5257516-8E0D-4191-9910-7AA6575188A9}"
EndProject
Project("{9A19103F-16F7-4668-BE54-9A1E7A4F7556}") = "Composite", "Structural\Composite\Composite\Composite.csproj", "{C7F43421-5B71-47E9-A946-458C656B6903}"
EndProject
Project("{2150E333-8FDC-42A3-9474-1A3956D46DE8}") = "Decorator", "Decorator", "{770DC32F-8D49-441E-8E61-AF5B7A8150FB}"
EndProject
Project("{9A19103F-16F7-4668-BE54-9A1E7A4F7556}") = "Decorator", "Structural\Decorator\Decorator\Decorator.csproj", "{19A0A6A7-365B-466F-A846-9142D90F1476}"
EndProject
Project("{2150E333-8FDC-42A3-9474-1A3956D46DE8}") = "Facade", "Facade", "{7FAE21A1-1212-46FE-9709-3FFD51F3CFE7}"
EndProject
Project("{9A19103F-16F7-4668-BE54-9A1E7A4F7556}") = "Facade", "Structural\Facade\Facade\Facade.csproj", "{8DBF8DD5-A754-4AE0-BD5A-01431E93E58B}"
EndProject
Project("{2150E333-8FDC-42A3-9474-1A3956D46DE8}") = "Flyweight", "Flyweight", "{BC11709E-2B43-4897-844A-C99BCDF2894D}"
EndProject
Project("{9A19103F-16F7-4668-BE54-9A1E7A4F7556}") = "Flyweight", "Structural\Flyweight\Flyweight\Flyweight.csproj", "{E1408305-22FB-4B0F-8EA8-9D75B03344A8}"
EndProject
Project("{9A19103F-16F7-4668-BE54-9A1E7A4F7556}") = "Proxy", "Structural\Proxy\Proxy\Proxy.csproj", "{C7974D95-CD42-4F8F-A18C-5F13C35F580B}"
EndProject
Project("{2150E333-8FDC-42A3-9474-1A3956D46DE8}") = "Behavioral", "Behavioral", "{1F315AB6-306F-4472-856B-C08407CC17F4}"
EndProject
Project("{2150E333-8FDC-42A3-9474-1A3956D46DE8}") = "ChainOfResponsibility", "ChainOfResponsibility", "{EB9FDD13-4C3D-4F4F-BDB5-4E0249E99F84}"
EndProject
Project("{9A19103F-16F7-4668-BE54-9A1E7A4F7556}") = "ChainOfResponsibility", "Behavioral\ChainOfResponsibility\ChainOfResponsibility\ChainOfResponsibility.csproj", "{0E55E379-9B58-434D-A7C9-B96B5DA0FF7E}"
EndProject
Project("{2150E333-8FDC-42A3-9474-1A3956D46DE8}") = "Command", "Command", "{C1C7A2D1-63EE-4122-A612-A545283382EB}"
EndProject
Project("{9A19103F-16F7-4668-BE54-9A1E7A4F7556}") = "Command", "Behavioral\Command\Command\Command.csproj", "{D029AF5E-13E1-4D2A-BB26-1A1269E99CAD}"
EndProject
Project("{2150E333-8FDC-42A3-9474-1A3956D46DE8}") = "Iterator", "Iterator", "{419A95F3-0E7D-40D0-8966-435DFD9F6CB0}"
EndProject
Project("{FAE04EC0-301F-11D3-BF4B-00C04F79EFBC}") = "Iterator", "Behavioral\Iterator\Iterator\Iterator.csproj", "{3EDA30A4-A1D0-46AE-8310-C062667B0F8E}"
EndProject
Global
	GlobalSection(SolutionConfigurationPlatforms) = preSolution
		Debug|Any CPU = Debug|Any CPU
		Release|Any CPU = Release|Any CPU
	EndGlobalSection
	GlobalSection(ProjectConfigurationPlatforms) = postSolution
		{606B9EE6-926D-46DA-9065-D43902AE6604}.Debug|Any CPU.ActiveCfg = Debug|Any CPU
		{606B9EE6-926D-46DA-9065-D43902AE6604}.Debug|Any CPU.Build.0 = Debug|Any CPU
		{606B9EE6-926D-46DA-9065-D43902AE6604}.Release|Any CPU.ActiveCfg = Release|Any CPU
		{606B9EE6-926D-46DA-9065-D43902AE6604}.Release|Any CPU.Build.0 = Release|Any CPU
		{92408984-91B3-435C-B886-83F5CED2B41A}.Debug|Any CPU.ActiveCfg = Debug|Any CPU
		{92408984-91B3-435C-B886-83F5CED2B41A}.Debug|Any CPU.Build.0 = Debug|Any CPU
		{92408984-91B3-435C-B886-83F5CED2B41A}.Release|Any CPU.ActiveCfg = Release|Any CPU
		{92408984-91B3-435C-B886-83F5CED2B41A}.Release|Any CPU.Build.0 = Release|Any CPU
		{01BD6034-91A2-44F2-84F0-0540D9F9979D}.Debug|Any CPU.ActiveCfg = Debug|Any CPU
		{01BD6034-91A2-44F2-84F0-0540D9F9979D}.Debug|Any CPU.Build.0 = Debug|Any CPU
		{01BD6034-91A2-44F2-84F0-0540D9F9979D}.Release|Any CPU.ActiveCfg = Release|Any CPU
		{01BD6034-91A2-44F2-84F0-0540D9F9979D}.Release|Any CPU.Build.0 = Release|Any CPU
		{55963260-9EB8-4A4F-B374-0A24E3CDFE92}.Debug|Any CPU.ActiveCfg = Debug|Any CPU
		{55963260-9EB8-4A4F-B374-0A24E3CDFE92}.Debug|Any CPU.Build.0 = Debug|Any CPU
		{55963260-9EB8-4A4F-B374-0A24E3CDFE92}.Release|Any CPU.ActiveCfg = Release|Any CPU
		{55963260-9EB8-4A4F-B374-0A24E3CDFE92}.Release|Any CPU.Build.0 = Release|Any CPU
		{F19C82D9-2927-4449-95BC-0D65AB9CDF76}.Debug|Any CPU.ActiveCfg = Debug|Any CPU
		{F19C82D9-2927-4449-95BC-0D65AB9CDF76}.Debug|Any CPU.Build.0 = Debug|Any CPU
		{F19C82D9-2927-4449-95BC-0D65AB9CDF76}.Release|Any CPU.ActiveCfg = Release|Any CPU
		{F19C82D9-2927-4449-95BC-0D65AB9CDF76}.Release|Any CPU.Build.0 = Release|Any CPU
		{A57943DB-CB12-45C8-B247-D348548DE2BB}.Debug|Any CPU.ActiveCfg = Debug|Any CPU
		{A57943DB-CB12-45C8-B247-D348548DE2BB}.Debug|Any CPU.Build.0 = Debug|Any CPU
		{A57943DB-CB12-45C8-B247-D348548DE2BB}.Release|Any CPU.ActiveCfg = Release|Any CPU
		{A57943DB-CB12-45C8-B247-D348548DE2BB}.Release|Any CPU.Build.0 = Release|Any CPU
		{57AC39BE-9DE7-4489-8D36-660421EE44E5}.Debug|Any CPU.ActiveCfg = Debug|Any CPU
		{57AC39BE-9DE7-4489-8D36-660421EE44E5}.Debug|Any CPU.Build.0 = Debug|Any CPU
		{57AC39BE-9DE7-4489-8D36-660421EE44E5}.Release|Any CPU.ActiveCfg = Release|Any CPU
		{57AC39BE-9DE7-4489-8D36-660421EE44E5}.Release|Any CPU.Build.0 = Release|Any CPU
		{C7F43421-5B71-47E9-A946-458C656B6903}.Debug|Any CPU.ActiveCfg = Debug|Any CPU
		{C7F43421-5B71-47E9-A946-458C656B6903}.Debug|Any CPU.Build.0 = Debug|Any CPU
		{C7F43421-5B71-47E9-A946-458C656B6903}.Release|Any CPU.ActiveCfg = Release|Any CPU
		{C7F43421-5B71-47E9-A946-458C656B6903}.Release|Any CPU.Build.0 = Release|Any CPU
		{19A0A6A7-365B-466F-A846-9142D90F1476}.Debug|Any CPU.ActiveCfg = Debug|Any CPU
		{19A0A6A7-365B-466F-A846-9142D90F1476}.Debug|Any CPU.Build.0 = Debug|Any CPU
		{19A0A6A7-365B-466F-A846-9142D90F1476}.Release|Any CPU.ActiveCfg = Release|Any CPU
		{19A0A6A7-365B-466F-A846-9142D90F1476}.Release|Any CPU.Build.0 = Release|Any CPU
		{8DBF8DD5-A754-4AE0-BD5A-01431E93E58B}.Debug|Any CPU.ActiveCfg = Debug|Any CPU
		{8DBF8DD5-A754-4AE0-BD5A-01431E93E58B}.Debug|Any CPU.Build.0 = Debug|Any CPU
		{8DBF8DD5-A754-4AE0-BD5A-01431E93E58B}.Release|Any CPU.ActiveCfg = Release|Any CPU
		{8DBF8DD5-A754-4AE0-BD5A-01431E93E58B}.Release|Any CPU.Build.0 = Release|Any CPU
		{E1408305-22FB-4B0F-8EA8-9D75B03344A8}.Debug|Any CPU.ActiveCfg = Debug|Any CPU
		{E1408305-22FB-4B0F-8EA8-9D75B03344A8}.Debug|Any CPU.Build.0 = Debug|Any CPU
		{E1408305-22FB-4B0F-8EA8-9D75B03344A8}.Release|Any CPU.ActiveCfg = Release|Any CPU
		{E1408305-22FB-4B0F-8EA8-9D75B03344A8}.Release|Any CPU.Build.0 = Release|Any CPU
		{C7974D95-CD42-4F8F-A18C-5F13C35F580B}.Debug|Any CPU.ActiveCfg = Debug|Any CPU
		{C7974D95-CD42-4F8F-A18C-5F13C35F580B}.Debug|Any CPU.Build.0 = Debug|Any CPU
		{C7974D95-CD42-4F8F-A18C-5F13C35F580B}.Release|Any CPU.ActiveCfg = Release|Any CPU
		{C7974D95-CD42-4F8F-A18C-5F13C35F580B}.Release|Any CPU.Build.0 = Release|Any CPU
		{0E55E379-9B58-434D-A7C9-B96B5DA0FF7E}.Debug|Any CPU.ActiveCfg = Debug|Any CPU
		{0E55E379-9B58-434D-A7C9-B96B5DA0FF7E}.Debug|Any CPU.Build.0 = Debug|Any CPU
		{0E55E379-9B58-434D-A7C9-B96B5DA0FF7E}.Release|Any CPU.ActiveCfg = Release|Any CPU
		{0E55E379-9B58-434D-A7C9-B96B5DA0FF7E}.Release|Any CPU.Build.0 = Release|Any CPU
		{D029AF5E-13E1-4D2A-BB26-1A1269E99CAD}.Debug|Any CPU.ActiveCfg = Debug|Any CPU
		{D029AF5E-13E1-4D2A-BB26-1A1269E99CAD}.Debug|Any CPU.Build.0 = Debug|Any CPU
		{D029AF5E-13E1-4D2A-BB26-1A1269E99CAD}.Release|Any CPU.ActiveCfg = Release|Any CPU
		{D029AF5E-13E1-4D2A-BB26-1A1269E99CAD}.Release|Any CPU.Build.0 = Release|Any CPU
		{3EDA30A4-A1D0-46AE-8310-C062667B0F8E}.Debug|Any CPU.ActiveCfg = Debug|Any CPU
		{3EDA30A4-A1D0-46AE-8310-C062667B0F8E}.Debug|Any CPU.Build.0 = Debug|Any CPU
		{3EDA30A4-A1D0-46AE-8310-C062667B0F8E}.Release|Any CPU.ActiveCfg = Release|Any CPU
		{3EDA30A4-A1D0-46AE-8310-C062667B0F8E}.Release|Any CPU.Build.0 = Release|Any CPU
	EndGlobalSection
	GlobalSection(SolutionProperties) = preSolution
		HideSolutionNode = FALSE
	EndGlobalSection
	GlobalSection(NestedProjects) = preSolution
		{B51E1BA7-9E6C-4D96-BD63-0724BEEB0376} = {C120BBAA-3FA1-4715-B2D6-515677DC1779}
		{606B9EE6-926D-46DA-9065-D43902AE6604} = {B51E1BA7-9E6C-4D96-BD63-0724BEEB0376}
		{DE1A4D66-04E7-4BC7-9E15-6CA6C9ED4EC6} = {C120BBAA-3FA1-4715-B2D6-515677DC1779}
		{92408984-91B3-435C-B886-83F5CED2B41A} = {DE1A4D66-04E7-4BC7-9E15-6CA6C9ED4EC6}
		{464A0A39-1E10-4F51-A24A-87196A218323} = {C120BBAA-3FA1-4715-B2D6-515677DC1779}
		{01BD6034-91A2-44F2-84F0-0540D9F9979D} = {464A0A39-1E10-4F51-A24A-87196A218323}
		{90C5A34D-5353-4D35-A2CD-F6219FDF7AE5} = {C120BBAA-3FA1-4715-B2D6-515677DC1779}
		{55963260-9EB8-4A4F-B374-0A24E3CDFE92} = {90C5A34D-5353-4D35-A2CD-F6219FDF7AE5}
		{259A2ED2-D906-4532-984A-3C6947EBA910} = {C120BBAA-3FA1-4715-B2D6-515677DC1779}
		{F19C82D9-2927-4449-95BC-0D65AB9CDF76} = {259A2ED2-D906-4532-984A-3C6947EBA910}
		{ED557F88-61C7-4EC4-8477-44262181D445} = {825390BF-76A4-42AD-985E-D4AFA83994CE}
		{A57943DB-CB12-45C8-B247-D348548DE2BB} = {ED557F88-61C7-4EC4-8477-44262181D445}
		{D6B15576-A780-4BD0-B6D9-BA289341BF74} = {825390BF-76A4-42AD-985E-D4AFA83994CE}
		{57AC39BE-9DE7-4489-8D36-660421EE44E5} = {D6B15576-A780-4BD0-B6D9-BA289341BF74}
		{F5257516-8E0D-4191-9910-7AA6575188A9} = {825390BF-76A4-42AD-985E-D4AFA83994CE}
		{C7F43421-5B71-47E9-A946-458C656B6903} = {F5257516-8E0D-4191-9910-7AA6575188A9}
		{770DC32F-8D49-441E-8E61-AF5B7A8150FB} = {825390BF-76A4-42AD-985E-D4AFA83994CE}
		{19A0A6A7-365B-466F-A846-9142D90F1476} = {770DC32F-8D49-441E-8E61-AF5B7A8150FB}
		{7FAE21A1-1212-46FE-9709-3FFD51F3CFE7} = {825390BF-76A4-42AD-985E-D4AFA83994CE}
		{8DBF8DD5-A754-4AE0-BD5A-01431E93E58B} = {7FAE21A1-1212-46FE-9709-3FFD51F3CFE7}
		{BC11709E-2B43-4897-844A-C99BCDF2894D} = {825390BF-76A4-42AD-985E-D4AFA83994CE}
		{E1408305-22FB-4B0F-8EA8-9D75B03344A8} = {BC11709E-2B43-4897-844A-C99BCDF2894D}
		{C7974D95-CD42-4F8F-A18C-5F13C35F580B} = {825390BF-76A4-42AD-985E-D4AFA83994CE}
		{EB9FDD13-4C3D-4F4F-BDB5-4E0249E99F84} = {1F315AB6-306F-4472-856B-C08407CC17F4}
		{0E55E379-9B58-434D-A7C9-B96B5DA0FF7E} = {EB9FDD13-4C3D-4F4F-BDB5-4E0249E99F84}
		{C1C7A2D1-63EE-4122-A612-A545283382EB} = {1F315AB6-306F-4472-856B-C08407CC17F4}
		{D029AF5E-13E1-4D2A-BB26-1A1269E99CAD} = {C1C7A2D1-63EE-4122-A612-A545283382EB}
		{419A95F3-0E7D-40D0-8966-435DFD9F6CB0} = {1F315AB6-306F-4472-856B-C08407CC17F4}
		{3EDA30A4-A1D0-46AE-8310-C062667B0F8E} = {419A95F3-0E7D-40D0-8966-435DFD9F6CB0}
	EndGlobalSection
	GlobalSection(ExtensibilityGlobals) = postSolution
		SolutionGuid = {EB8E9EBD-D105-474C-8A89-3D48BC48BBA2}
	EndGlobalSection
EndGlobal
