
Microsoft Visual Studio Solution File, Format Version 12.00
# Visual Studio Version 17
VisualStudioVersion = 17.0.31717.71
MinimumVisualStudioVersion = 10.0.40219.1
Project("{FAE04EC0-301F-11D3-BF4B-00C04F79EFBC}") = "ReceiveLogsDirect", "ReceiveLogsDirect.csproj", "{F6E3FE2C-C81C-47A5-867B-DEB8649FBBCB}"
EndProject
Global
	GlobalSection(SolutionConfigurationPlatforms) = preSolution
		Debug|Any CPU = Debug|Any CPU
		Release|Any CPU = Release|Any CPU
	EndGlobalSection
	GlobalSection(ProjectConfigurationPlatforms) = postSolution
		{F6E3FE2C-C81C-47A5-867B-DEB8649FBBCB}.Debug|Any CPU.ActiveCfg = Debug|Any CPU
		{F6E3FE2C-C81C-47A5-867B-DEB8649FBBCB}.Debug|Any CPU.Build.0 = Debug|Any CPU
		{F6E3FE2C-C81C-47A5-867B-DEB8649FBBCB}.Release|Any CPU.ActiveCfg = Release|Any CPU
		{F6E3FE2C-C81C-47A5-867B-DEB8649FBBCB}.Release|Any CPU.Build.0 = Release|Any CPU
	EndGlobalSection
	GlobalSection(SolutionProperties) = preSolution
		HideSolutionNode = FALSE
	EndGlobalSection
	GlobalSection(ExtensibilityGlobals) = postSolution
		SolutionGuid = {FA04B83C-5756-4B8D-8A51-9069BE5EADA0}
	EndGlobalSection
EndGlobal
