
Microsoft Visual Studio Solution File, Format Version 12.00
# Visual Studio Version 17
VisualStudioVersion = 17.0.31521.260
MinimumVisualStudioVersion = 10.0.40219.1
Project("{FAE04EC0-301F-11D3-BF4B-00C04F79EFBC}") = "GraphQLDemo", "GraphQLDemo.csproj", "{BA26FC99-7D02-47F0-B5CD-76E82CF00F94}"
EndProject
Global
	GlobalSection(SolutionConfigurationPlatforms) = preSolution
		Debug|Any CPU = Debug|Any CPU
		Release|Any CPU = Release|Any CPU
	EndGlobalSection
	GlobalSection(ProjectConfigurationPlatforms) = postSolution
		{BA26FC99-7D02-47F0-B5CD-76E82CF00F94}.Debug|Any CPU.ActiveCfg = Debug|Any CPU
		{BA26FC99-7D02-47F0-B5CD-76E82CF00F94}.Debug|Any CPU.Build.0 = Debug|Any CPU
		{BA26FC99-7D02-47F0-B5CD-76E82CF00F94}.Release|Any CPU.ActiveCfg = Release|Any CPU
		{BA26FC99-7D02-47F0-B5CD-76E82CF00F94}.Release|Any CPU.Build.0 = Release|Any CPU
	EndGlobalSection
	GlobalSection(SolutionProperties) = preSolution
		HideSolutionNode = FALSE
	EndGlobalSection
	GlobalSection(ExtensibilityGlobals) = postSolution
		SolutionGuid = {D7467582-DCD0-40AE-B9E5-71DDA85CA20B}
	EndGlobalSection
EndGlobal
