
Microsoft Visual Studio Solution File, Format Version 12.00
# Visual Studio Version 17
VisualStudioVersion = 17.0.31717.71
MinimumVisualStudioVersion = 10.0.40219.1
Project("{FAE04EC0-301F-11D3-BF4B-00C04F79EFBC}") = "EmitLogTopic", "EmitLogTopic.csproj", "{409CA6E9-FB6B-4115-B8C3-EA396A9C4C96}"
EndProject
Global
	GlobalSection(SolutionConfigurationPlatforms) = preSolution
		Debug|Any CPU = Debug|Any CPU
		Release|Any CPU = Release|Any CPU
	EndGlobalSection
	GlobalSection(ProjectConfigurationPlatforms) = postSolution
		{409CA6E9-FB6B-4115-B8C3-EA396A9C4C96}.Debug|Any CPU.ActiveCfg = Debug|Any CPU
		{409CA6E9-FB6B-4115-B8C3-EA396A9C4C96}.Debug|Any CPU.Build.0 = Debug|Any CPU
		{409CA6E9-FB6B-4115-B8C3-EA396A9C4C96}.Release|Any CPU.ActiveCfg = Release|Any CPU
		{409CA6E9-FB6B-4115-B8C3-EA396A9C4C96}.Release|Any CPU.Build.0 = Release|Any CPU
	EndGlobalSection
	GlobalSection(SolutionProperties) = preSolution
		HideSolutionNode = FALSE
	EndGlobalSection
	GlobalSection(ExtensibilityGlobals) = postSolution
		SolutionGuid = {81D53BBB-9351-44D9-A035-3AF84D0110B7}
	EndGlobalSection
EndGlobal
