
Microsoft Visual Studio Solution File, Format Version 12.00
# Visual Studio Version 16
VisualStudioVersion = 16.0.31729.503
MinimumVisualStudioVersion = 10.0.40219.1
Project("{FAE04EC0-301F-11D3-BF4B-00C04F79EFBC}") = "StackExchangeRedisBasicDemo", "StackExchangeRedisBasicDemo.csproj", "{092EEB83-C5FC-45BB-9743-6441AA945C5D}"
EndProject
Global
	GlobalSection(SolutionConfigurationPlatforms) = preSolution
		Debug|Any CPU = Debug|Any CPU
		Release|Any CPU = Release|Any CPU
	EndGlobalSection
	GlobalSection(ProjectConfigurationPlatforms) = postSolution
		{092EEB83-C5FC-45BB-9743-6441AA945C5D}.Debug|Any CPU.ActiveCfg = Debug|Any CPU
		{092EEB83-C5FC-45BB-9743-6441AA945C5D}.Debug|Any CPU.Build.0 = Debug|Any CPU
		{092EEB83-C5FC-45BB-9743-6441AA945C5D}.Release|Any CPU.ActiveCfg = Release|Any CPU
		{092EEB83-C5FC-45BB-9743-6441AA945C5D}.Release|Any CPU.Build.0 = Release|Any CPU
	EndGlobalSection
	GlobalSection(SolutionProperties) = preSolution
		HideSolutionNode = FALSE
	EndGlobalSection
	GlobalSection(ExtensibilityGlobals) = postSolution
		SolutionGuid = {B9A065BC-4E41-4661-A386-DE850D6775BA}
	EndGlobalSection
EndGlobal
