
Microsoft Visual Studio Solution File, Format Version 12.00
# Visual Studio Version 17
VisualStudioVersion = 17.0.31717.71
MinimumVisualStudioVersion = 10.0.40219.1
Project("{9A19103F-16F7-4668-BE54-9A1E7A4F7556}") = "Publisher", "Publisher\Publisher.csproj", "{8821BAF0-9B32-46DC-952A-6F38DF9B5C8A}"
EndProject
Project("{FAE04EC0-301F-11D3-BF4B-00C04F79EFBC}") = "Shared", "Shared\Shared.csproj", "{48160555-E635-48DD-AAB1-A3BF49EB02DD}"
EndProject
Project("{FAE04EC0-301F-11D3-BF4B-00C04F79EFBC}") = "Listener", "Listener\Listener.csproj", "{A60F2827-E437-40E3-9553-2F8943F1DF85}"
EndProject
Global
	GlobalSection(SolutionConfigurationPlatforms) = preSolution
		Debug|Any CPU = Debug|Any CPU
		Release|Any CPU = Release|Any CPU
	EndGlobalSection
	GlobalSection(ProjectConfigurationPlatforms) = postSolution
		{8821BAF0-9B32-46DC-952A-6F38DF9B5C8A}.Debug|Any CPU.ActiveCfg = Debug|Any CPU
		{8821BAF0-9B32-46DC-952A-6F38DF9B5C8A}.Debug|Any CPU.Build.0 = Debug|Any CPU
		{8821BAF0-9B32-46DC-952A-6F38DF9B5C8A}.Release|Any CPU.ActiveCfg = Release|Any CPU
		{8821BAF0-9B32-46DC-952A-6F38DF9B5C8A}.Release|Any CPU.Build.0 = Release|Any CPU
		{48160555-E635-48DD-AAB1-A3BF49EB02DD}.Debug|Any CPU.ActiveCfg = Debug|Any CPU
		{48160555-E635-48DD-AAB1-A3BF49EB02DD}.Debug|Any CPU.Build.0 = Debug|Any CPU
		{48160555-E635-48DD-AAB1-A3BF49EB02DD}.Release|Any CPU.ActiveCfg = Release|Any CPU
		{48160555-E635-48DD-AAB1-A3BF49EB02DD}.Release|Any CPU.Build.0 = Release|Any CPU
		{A60F2827-E437-40E3-9553-2F8943F1DF85}.Debug|Any CPU.ActiveCfg = Debug|Any CPU
		{A60F2827-E437-40E3-9553-2F8943F1DF85}.Debug|Any CPU.Build.0 = Debug|Any CPU
		{A60F2827-E437-40E3-9553-2F8943F1DF85}.Release|Any CPU.ActiveCfg = Release|Any CPU
		{A60F2827-E437-40E3-9553-2F8943F1DF85}.Release|Any CPU.Build.0 = Release|Any CPU
	EndGlobalSection
	GlobalSection(SolutionProperties) = preSolution
		HideSolutionNode = FALSE
	EndGlobalSection
	GlobalSection(ExtensibilityGlobals) = postSolution
		SolutionGuid = {9CC16DF7-1134-49EE-A957-4DE01B0ADA8D}
	EndGlobalSection
EndGlobal
